
Microsoft Visual Studio Solution File, Format Version 12.00
# Visual Studio Version 16
VisualStudioVersion = 16.0.29709.97
MinimumVisualStudioVersion = 10.0.40219.1
Project("{2150E333-8FDC-42A3-9474-1A3956D46DE8}") = "Tools", "Tools", "{2A15F8D6-2BE7-4A01-B50C-385D060BEA03}"
EndProject
Project("{FAE04EC0-301F-11D3-BF4B-00C04F79EFBC}") = "ProjectWizard", "tools\ProjectWizard\ProjectWizard.csproj", "{45BE93B4-FEE5-4B17-9D99-12B66062242A}"
EndProject
Project("{8BC9CEB8-8B4A-11D0-8D11-00A0C91BC942}") = "Utilities.GUID", "Utilities\Utilities.GUID\Utilities.GUID.vcxproj", "{67A4DD0D-688D-4FFB-A15F-D0EB6534A13F}"
	ProjectSection(ProjectDependencies) = postProject
		{47A4C04E-3578-4EE5-9002-30CA23D402F0} = {47A4C04E-3578-4EE5-9002-30CA23D402F0}
	EndProjectSection
EndProject
Project("{2150E333-8FDC-42A3-9474-1A3956D46DE8}") = "Utilities", "Utilities", "{97A0D46E-0C32-4093-9DF9-D319C2B9C645}"
EndProject
Project("{2150E333-8FDC-42A3-9474-1A3956D46DE8}") = "Tests", "Tests", "{92D62D06-2C28-469F-8515-CB2FB8B220CE}"
EndProject
Project("{8BC9CEB8-8B4A-11D0-8D11-00A0C91BC942}") = "Test.Utilities", "tests\Test.Utilities\Test.Utilities.vcxproj", "{73AA5191-6110-4A82-90D8-74A9DEFDB4C7}"
	ProjectSection(ProjectDependencies) = postProject
		{67A4DD0D-688D-4FFB-A15F-D0EB6534A13F} = {67A4DD0D-688D-4FFB-A15F-D0EB6534A13F}
	EndProjectSection
EndProject
Project("{FAE04EC0-301F-11D3-BF4B-00C04F79EFBC}") = "Pack", "tools\Pack\Pack.csproj", "{47A4C04E-3578-4EE5-9002-30CA23D402F0}"
EndProject
Project("{FAE04EC0-301F-11D3-BF4B-00C04F79EFBC}") = "AutoDoxygen", "AutoDoxygen\AutoDoxygen.csproj", "{C3A285F0-CE2D-490C-B859-88E0AC6F025C}"
EndProject
Global
	GlobalSection(SolutionConfigurationPlatforms) = preSolution
		Debug|Any CPU = Debug|Any CPU
		Debug|x64 = Debug|x64
		Debug|x86 = Debug|x86
		Release|Any CPU = Release|Any CPU
		Release|x64 = Release|x64
		Release|x86 = Release|x86
	EndGlobalSection
	GlobalSection(ProjectConfigurationPlatforms) = postSolution
		{45BE93B4-FEE5-4B17-9D99-12B66062242A}.Debug|Any CPU.ActiveCfg = Debug|Any CPU
		{45BE93B4-FEE5-4B17-9D99-12B66062242A}.Debug|Any CPU.Build.0 = Debug|Any CPU
		{45BE93B4-FEE5-4B17-9D99-12B66062242A}.Debug|x64.ActiveCfg = Debug|Any CPU
		{45BE93B4-FEE5-4B17-9D99-12B66062242A}.Debug|x64.Build.0 = Debug|Any CPU
		{45BE93B4-FEE5-4B17-9D99-12B66062242A}.Debug|x86.ActiveCfg = Debug|Any CPU
		{45BE93B4-FEE5-4B17-9D99-12B66062242A}.Debug|x86.Build.0 = Debug|Any CPU
		{45BE93B4-FEE5-4B17-9D99-12B66062242A}.Release|Any CPU.ActiveCfg = Release|Any CPU
		{45BE93B4-FEE5-4B17-9D99-12B66062242A}.Release|Any CPU.Build.0 = Release|Any CPU
		{45BE93B4-FEE5-4B17-9D99-12B66062242A}.Release|x64.ActiveCfg = Release|Any CPU
		{45BE93B4-FEE5-4B17-9D99-12B66062242A}.Release|x64.Build.0 = Release|Any CPU
		{45BE93B4-FEE5-4B17-9D99-12B66062242A}.Release|x86.ActiveCfg = Release|Any CPU
		{45BE93B4-FEE5-4B17-9D99-12B66062242A}.Release|x86.Build.0 = Release|Any CPU
		{67A4DD0D-688D-4FFB-A15F-D0EB6534A13F}.Debug|Any CPU.ActiveCfg = Debug|Win32
		{67A4DD0D-688D-4FFB-A15F-D0EB6534A13F}.Debug|x64.ActiveCfg = Debug|x64
		{67A4DD0D-688D-4FFB-A15F-D0EB6534A13F}.Debug|x64.Build.0 = Debug|x64
		{67A4DD0D-688D-4FFB-A15F-D0EB6534A13F}.Debug|x86.ActiveCfg = Debug|Win32
		{67A4DD0D-688D-4FFB-A15F-D0EB6534A13F}.Debug|x86.Build.0 = Debug|Win32
		{67A4DD0D-688D-4FFB-A15F-D0EB6534A13F}.Release|Any CPU.ActiveCfg = Release|Win32
		{67A4DD0D-688D-4FFB-A15F-D0EB6534A13F}.Release|x64.ActiveCfg = Release|x64
		{67A4DD0D-688D-4FFB-A15F-D0EB6534A13F}.Release|x64.Build.0 = Release|x64
		{67A4DD0D-688D-4FFB-A15F-D0EB6534A13F}.Release|x86.ActiveCfg = Release|Win32
		{67A4DD0D-688D-4FFB-A15F-D0EB6534A13F}.Release|x86.Build.0 = Release|Win32
		{73AA5191-6110-4A82-90D8-74A9DEFDB4C7}.Debug|Any CPU.ActiveCfg = Debug|Win32
		{73AA5191-6110-4A82-90D8-74A9DEFDB4C7}.Debug|x64.ActiveCfg = Debug|x64
		{73AA5191-6110-4A82-90D8-74A9DEFDB4C7}.Debug|x64.Build.0 = Debug|x64
		{73AA5191-6110-4A82-90D8-74A9DEFDB4C7}.Debug|x86.ActiveCfg = Debug|Win32
		{73AA5191-6110-4A82-90D8-74A9DEFDB4C7}.Debug|x86.Build.0 = Debug|Win32
		{73AA5191-6110-4A82-90D8-74A9DEFDB4C7}.Release|Any CPU.ActiveCfg = Release|Win32
		{73AA5191-6110-4A82-90D8-74A9DEFDB4C7}.Release|x64.ActiveCfg = Release|x64
		{73AA5191-6110-4A82-90D8-74A9DEFDB4C7}.Release|x64.Build.0 = Release|x64
		{73AA5191-6110-4A82-90D8-74A9DEFDB4C7}.Release|x86.ActiveCfg = Release|Win32
		{73AA5191-6110-4A82-90D8-74A9DEFDB4C7}.Release|x86.Build.0 = Release|Win32
		{47A4C04E-3578-4EE5-9002-30CA23D402F0}.Debug|Any CPU.ActiveCfg = Debug|Any CPU
		{47A4C04E-3578-4EE5-9002-30CA23D402F0}.Debug|Any CPU.Build.0 = Debug|Any CPU
		{47A4C04E-3578-4EE5-9002-30CA23D402F0}.Debug|x64.ActiveCfg = Debug|Any CPU
		{47A4C04E-3578-4EE5-9002-30CA23D402F0}.Debug|x64.Build.0 = Debug|Any CPU
		{47A4C04E-3578-4EE5-9002-30CA23D402F0}.Debug|x86.ActiveCfg = Debug|Any CPU
		{47A4C04E-3578-4EE5-9002-30CA23D402F0}.Debug|x86.Build.0 = Debug|Any CPU
		{47A4C04E-3578-4EE5-9002-30CA23D402F0}.Release|Any CPU.ActiveCfg = Release|Any CPU
		{47A4C04E-3578-4EE5-9002-30CA23D402F0}.Release|Any CPU.Build.0 = Release|Any CPU
		{47A4C04E-3578-4EE5-9002-30CA23D402F0}.Release|x64.ActiveCfg = Release|Any CPU
		{47A4C04E-3578-4EE5-9002-30CA23D402F0}.Release|x64.Build.0 = Release|Any CPU
		{47A4C04E-3578-4EE5-9002-30CA23D402F0}.Release|x86.ActiveCfg = Release|Any CPU
		{47A4C04E-3578-4EE5-9002-30CA23D402F0}.Release|x86.Build.0 = Release|Any CPU
		{C3A285F0-CE2D-490C-B859-88E0AC6F025C}.Debug|Any CPU.ActiveCfg = Debug|Any CPU
		{C3A285F0-CE2D-490C-B859-88E0AC6F025C}.Debug|Any CPU.Build.0 = Debug|Any CPU
		{C3A285F0-CE2D-490C-B859-88E0AC6F025C}.Debug|x64.ActiveCfg = Debug|Any CPU
		{C3A285F0-CE2D-490C-B859-88E0AC6F025C}.Debug|x64.Build.0 = Debug|Any CPU
		{C3A285F0-CE2D-490C-B859-88E0AC6F025C}.Debug|x86.ActiveCfg = Debug|Any CPU
		{C3A285F0-CE2D-490C-B859-88E0AC6F025C}.Debug|x86.Build.0 = Debug|Any CPU
		{C3A285F0-CE2D-490C-B859-88E0AC6F025C}.Release|Any CPU.ActiveCfg = Release|Any CPU
		{C3A285F0-CE2D-490C-B859-88E0AC6F025C}.Release|Any CPU.Build.0 = Release|Any CPU
		{C3A285F0-CE2D-490C-B859-88E0AC6F025C}.Release|x64.ActiveCfg = Release|Any CPU
		{C3A285F0-CE2D-490C-B859-88E0AC6F025C}.Release|x64.Build.0 = Release|Any CPU
		{C3A285F0-CE2D-490C-B859-88E0AC6F025C}.Release|x86.ActiveCfg = Release|Any CPU
		{C3A285F0-CE2D-490C-B859-88E0AC6F025C}.Release|x86.Build.0 = Release|Any CPU
	EndGlobalSection
	GlobalSection(SolutionProperties) = preSolution
		HideSolutionNode = FALSE
	EndGlobalSection
	GlobalSection(NestedProjects) = preSolution
		{45BE93B4-FEE5-4B17-9D99-12B66062242A} = {2A15F8D6-2BE7-4A01-B50C-385D060BEA03}
		{67A4DD0D-688D-4FFB-A15F-D0EB6534A13F} = {97A0D46E-0C32-4093-9DF9-D319C2B9C645}
		{73AA5191-6110-4A82-90D8-74A9DEFDB4C7} = {92D62D06-2C28-469F-8515-CB2FB8B220CE}
		{47A4C04E-3578-4EE5-9002-30CA23D402F0} = {2A15F8D6-2BE7-4A01-B50C-385D060BEA03}
		{C3A285F0-CE2D-490C-B859-88E0AC6F025C} = {2A15F8D6-2BE7-4A01-B50C-385D060BEA03}
	EndGlobalSection
	GlobalSection(ExtensibilityGlobals) = postSolution
		SolutionGuid = {97BA6F82-0BC9-4DCB-99D1-801AF5477810}
	EndGlobalSection
EndGlobal
